
Microsoft Visual Studio Solution File, Format Version 12.00
# Visual Studio Version 16
VisualStudioVersion = 16.0.29230.47
MinimumVisualStudioVersion = 10.0.40219.1
Project("{9A19103F-16F7-4668-BE54-9A1E7A4F7556}") = "c3o.portfolio.web", "c3o.portfolio.web\c3o.portfolio.web.csproj", "{2805D2D9-B35C-4F48-84B8-D2DF9B6442CD}"
EndProject
Project("{9A19103F-16F7-4668-BE54-9A1E7A4F7556}") = "c3o.portfolio.finhub", "c3o.portfolio.finhub\c3o.portfolio.finhub.csproj", "{8FBA9EE4-2EE1-445D-956A-0D0C58918943}"
EndProject
Project("{9A19103F-16F7-4668-BE54-9A1E7A4F7556}") = "ThreeFourteen.Finnhub.Client", "ThreeFourteen.Finnhub.Client\ThreeFourteen.Finnhub.Client.csproj", "{6CF938F3-DCB2-4539-B04D-9CD027E1464A}"
EndProject
Global
	GlobalSection(SolutionConfigurationPlatforms) = preSolution
		Debug|Any CPU = Debug|Any CPU
		Release|Any CPU = Release|Any CPU
	EndGlobalSection
	GlobalSection(ProjectConfigurationPlatforms) = postSolution
		{2805D2D9-B35C-4F48-84B8-D2DF9B6442CD}.Debug|Any CPU.ActiveCfg = Debug|Any CPU
		{2805D2D9-B35C-4F48-84B8-D2DF9B6442CD}.Debug|Any CPU.Build.0 = Debug|Any CPU
		{2805D2D9-B35C-4F48-84B8-D2DF9B6442CD}.Release|Any CPU.ActiveCfg = Release|Any CPU
		{2805D2D9-B35C-4F48-84B8-D2DF9B6442CD}.Release|Any CPU.Build.0 = Release|Any CPU
		{8FBA9EE4-2EE1-445D-956A-0D0C58918943}.Debug|Any CPU.ActiveCfg = Debug|Any CPU
		{8FBA9EE4-2EE1-445D-956A-0D0C58918943}.Debug|Any CPU.Build.0 = Debug|Any CPU
		{8FBA9EE4-2EE1-445D-956A-0D0C58918943}.Release|Any CPU.ActiveCfg = Release|Any CPU
		{8FBA9EE4-2EE1-445D-956A-0D0C58918943}.Release|Any CPU.Build.0 = Release|Any CPU
		{6CF938F3-DCB2-4539-B04D-9CD027E1464A}.Debug|Any CPU.ActiveCfg = Debug|Any CPU
		{6CF938F3-DCB2-4539-B04D-9CD027E1464A}.Debug|Any CPU.Build.0 = Debug|Any CPU
		{6CF938F3-DCB2-4539-B04D-9CD027E1464A}.Release|Any CPU.ActiveCfg = Release|Any CPU
		{6CF938F3-DCB2-4539-B04D-9CD027E1464A}.Release|Any CPU.Build.0 = Release|Any CPU
	EndGlobalSection
	GlobalSection(SolutionProperties) = preSolution
		HideSolutionNode = FALSE
	EndGlobalSection
	GlobalSection(ExtensibilityGlobals) = postSolution
		SolutionGuid = {B2442647-B085-4405-886D-BF722D69C0AE}
	EndGlobalSection
EndGlobal
