
Microsoft Visual Studio Solution File, Format Version 12.00
# Visual Studio Version 16
VisualStudioVersion = 16.0.29230.47
MinimumVisualStudioVersion = 10.0.40219.1
Project("{FAE04EC0-301F-11D3-BF4B-00C04F79EFBC}") = "c3o.portfolio.web", "c3o.portfolio.web\c3o.portfolio.web.csproj", "{2805D2D9-B35C-4F48-84B8-D2DF9B6442CD}"
EndProject
Global
	GlobalSection(SolutionConfigurationPlatforms) = preSolution
		Debug|Any CPU = Debug|Any CPU
		Release|Any CPU = Release|Any CPU
	EndGlobalSection
	GlobalSection(ProjectConfigurationPlatforms) = postSolution
		{2805D2D9-B35C-4F48-84B8-D2DF9B6442CD}.Debug|Any CPU.ActiveCfg = Debug|Any CPU
		{2805D2D9-B35C-4F48-84B8-D2DF9B6442CD}.Debug|Any CPU.Build.0 = Debug|Any CPU
		{2805D2D9-B35C-4F48-84B8-D2DF9B6442CD}.Release|Any CPU.ActiveCfg = Release|Any CPU
		{2805D2D9-B35C-4F48-84B8-D2DF9B6442CD}.Release|Any CPU.Build.0 = Release|Any CPU
	EndGlobalSection
	GlobalSection(SolutionProperties) = preSolution
		HideSolutionNode = FALSE
	EndGlobalSection
	GlobalSection(ExtensibilityGlobals) = postSolution
		SolutionGuid = {B2442647-B085-4405-886D-BF722D69C0AE}
	EndGlobalSection
EndGlobal
